
Microsoft Visual Studio Solution File, Format Version 12.00
# Visual Studio Version 17
VisualStudioVersion = 17.1.32414.318
MinimumVisualStudioVersion = 10.0.40219.1
Project("{FAE04EC0-301F-11D3-BF4B-00C04F79EFBC}") = "URSV-1xx", "URSV-1xx\URSV-1xx.csproj", "{C8D15056-A005-4D67-AC65-5CD72EA8B750}"
EndProject
Global
	GlobalSection(SolutionConfigurationPlatforms) = preSolution
		Debug|Any CPU = Debug|Any CPU
		Release|Any CPU = Release|Any CPU
	EndGlobalSection
	GlobalSection(ProjectConfigurationPlatforms) = postSolution
		{C8D15056-A005-4D67-AC65-5CD72EA8B750}.Debug|Any CPU.ActiveCfg = Debug|Any CPU
		{C8D15056-A005-4D67-AC65-5CD72EA8B750}.Debug|Any CPU.Build.0 = Debug|Any CPU
		{C8D15056-A005-4D67-AC65-5CD72EA8B750}.Release|Any CPU.ActiveCfg = Release|Any CPU
		{C8D15056-A005-4D67-AC65-5CD72EA8B750}.Release|Any CPU.Build.0 = Release|Any CPU
	EndGlobalSection
	GlobalSection(SolutionProperties) = preSolution
		HideSolutionNode = FALSE
	EndGlobalSection
	GlobalSection(ExtensibilityGlobals) = postSolution
		SolutionGuid = {7091802F-2353-474A-8DE7-02B27463F96B}
	EndGlobalSection
EndGlobal
